
Microsoft Visual Studio Solution File, Format Version 12.00
# Visual Studio 14
VisualStudioVersion = 14.0.25420.1
MinimumVisualStudioVersion = 10.0.40219.1
Project("{FAE04EC0-301F-11D3-BF4B-00C04F79EFBC}") = "AriaCS-vc2015", "AriaCS-vc2015.csproj", "{B5270739-10F2-4205-8C40-81470C1CB45A}"
	ProjectSection(ProjectDependencies) = postProject
		{0858BD70-F7F1-40A1-A549-EDE64AE79206} = {0858BD70-F7F1-40A1-A549-EDE64AE79206}
		{3C9909CE-D41F-4E1B-A6B0-A71F74D00FF2} = {3C9909CE-D41F-4E1B-A6B0-A71F74D00FF2}
	EndProjectSection
EndProject
Project("{8BC9CEB8-8B4A-11D0-8D11-00A0C91BC942}") = "AriaSwigCS", "AriaSwigCS-vc2015.vcxproj", "{0858BD70-F7F1-40A1-A549-EDE64AE79206}"
EndProject
Project("{8BC9CEB8-8B4A-11D0-8D11-00A0C91BC942}") = "AriaDLL", "..\src\AriaDLL-vc2015.vcxproj", "{3C9909CE-D41F-4E1B-A6B0-A71F74D00FF2}"
EndProject
Global
	GlobalSection(SolutionConfigurationPlatforms) = preSolution
		Debug|Any CPU = Debug|Any CPU
		Debug|x64 = Debug|x64
		Debug|x86 = Debug|x86
		Release|Any CPU = Release|Any CPU
		Release|x64 = Release|x64
		Release|x86 = Release|x86
	EndGlobalSection
	GlobalSection(ProjectConfigurationPlatforms) = postSolution
		{B5270739-10F2-4205-8C40-81470C1CB45A}.Debug|Any CPU.ActiveCfg = Debug|Any CPU
		{B5270739-10F2-4205-8C40-81470C1CB45A}.Debug|Any CPU.Build.0 = Debug|Any CPU
		{B5270739-10F2-4205-8C40-81470C1CB45A}.Debug|x64.ActiveCfg = Debug|Any CPU
		{B5270739-10F2-4205-8C40-81470C1CB45A}.Debug|x64.Build.0 = Debug|Any CPU
		{B5270739-10F2-4205-8C40-81470C1CB45A}.Debug|x86.ActiveCfg = Debug|Any CPU
		{B5270739-10F2-4205-8C40-81470C1CB45A}.Debug|x86.Build.0 = Debug|Any CPU
		{B5270739-10F2-4205-8C40-81470C1CB45A}.Release|Any CPU.ActiveCfg = Release|Any CPU
		{B5270739-10F2-4205-8C40-81470C1CB45A}.Release|Any CPU.Build.0 = Release|Any CPU
		{B5270739-10F2-4205-8C40-81470C1CB45A}.Release|x64.ActiveCfg = Release|Any CPU
		{B5270739-10F2-4205-8C40-81470C1CB45A}.Release|x64.Build.0 = Release|Any CPU
		{B5270739-10F2-4205-8C40-81470C1CB45A}.Release|x86.ActiveCfg = Release|Any CPU
		{B5270739-10F2-4205-8C40-81470C1CB45A}.Release|x86.Build.0 = Release|Any CPU
		{0858BD70-F7F1-40A1-A549-EDE64AE79206}.Debug|Any CPU.ActiveCfg = Debug|Win32
		{0858BD70-F7F1-40A1-A549-EDE64AE79206}.Debug|x64.ActiveCfg = Debug|x64
		{0858BD70-F7F1-40A1-A549-EDE64AE79206}.Debug|x64.Build.0 = Debug|x64
		{0858BD70-F7F1-40A1-A549-EDE64AE79206}.Debug|x86.ActiveCfg = Debug|Win32
		{0858BD70-F7F1-40A1-A549-EDE64AE79206}.Debug|x86.Build.0 = Debug|Win32
		{0858BD70-F7F1-40A1-A549-EDE64AE79206}.Release|Any CPU.ActiveCfg = Release|Win32
		{0858BD70-F7F1-40A1-A549-EDE64AE79206}.Release|x64.ActiveCfg = Release|x64
		{0858BD70-F7F1-40A1-A549-EDE64AE79206}.Release|x64.Build.0 = Release|x64
		{0858BD70-F7F1-40A1-A549-EDE64AE79206}.Release|x86.ActiveCfg = Release|Win32
		{0858BD70-F7F1-40A1-A549-EDE64AE79206}.Release|x86.Build.0 = Release|Win32
		{3C9909CE-D41F-4E1B-A6B0-A71F74D00FF2}.Debug|Any CPU.ActiveCfg = Debug|Win32
		{3C9909CE-D41F-4E1B-A6B0-A71F74D00FF2}.Debug|x64.ActiveCfg = Debug|x64
		{3C9909CE-D41F-4E1B-A6B0-A71F74D00FF2}.Debug|x64.Build.0 = Debug|x64
		{3C9909CE-D41F-4E1B-A6B0-A71F74D00FF2}.Debug|x86.ActiveCfg = Debug|Win32
		{3C9909CE-D41F-4E1B-A6B0-A71F74D00FF2}.Debug|x86.Build.0 = Debug|Win32
		{3C9909CE-D41F-4E1B-A6B0-A71F74D00FF2}.Release|Any CPU.ActiveCfg = Release|Win32
		{3C9909CE-D41F-4E1B-A6B0-A71F74D00FF2}.Release|x64.ActiveCfg = Release|x64
		{3C9909CE-D41F-4E1B-A6B0-A71F74D00FF2}.Release|x64.Build.0 = Release|x64
		{3C9909CE-D41F-4E1B-A6B0-A71F74D00FF2}.Release|x86.ActiveCfg = Release|Win32
		{3C9909CE-D41F-4E1B-A6B0-A71F74D00FF2}.Release|x86.Build.0 = Release|Win32
	EndGlobalSection
	GlobalSection(SolutionProperties) = preSolution
		HideSolutionNode = FALSE
	EndGlobalSection
EndGlobal
